{
  "version": 4,
  "terraform_version": "1.6.2",
  "serial": 33,
  "lineage": "8a88f5f8-c303-7d7d-77c9-0e27d44c003c",
  "outputs": {
    "Terraform-repo-output1": {
      "value": "https://github.com/SinghBhuvneshwar/first-repo-from-terraform",
      "type": "string"
    },
    "Terraform-repo-output2": {
      "value": "https://github.com/SinghBhuvneshwar/second-repo-from-terraform",
      "type": "string"
    }
  },
  "resources": [
    {
      "mode": "managed",
      "type": "github_repository",
      "name": "terraform-first-repo",
      "provider": "provider[\"registry.terraform.io/hashicorp/github\"]",
      "instances": [
        {
          "schema_version": 1,
          "attributes": {
            "allow_auto_merge": false,
            "allow_merge_commit": true,
            "allow_rebase_merge": true,
            "allow_squash_merge": true,
            "allow_update_branch": false,
            "archive_on_destroy": null,
            "archived": false,
            "auto_init": true,
            "default_branch": "main",
            "delete_branch_on_merge": false,
            "description": "My first repo created with tf",
            "etag": "W/\"d6a6f357a5b74a226c93e1eab84fbb2b042348ca1ce1c5601d3a9eec1b667bbd\"",
            "full_name": "SinghBhuvneshwar/first-repo-from-terraform",
            "git_clone_url": "git://github.com/SinghBhuvneshwar/first-repo-from-terraform.git",
            "gitignore_template": null,
            "has_discussions": false,
            "has_downloads": false,
            "has_issues": false,
            "has_projects": false,
            "has_wiki": false,
            "homepage_url": "",
            "html_url": "https://github.com/SinghBhuvneshwar/first-repo-from-terraform",
            "http_clone_url": "https://github.com/SinghBhuvneshwar/first-repo-from-terraform.git",
            "id": "first-repo-from-terraform",
            "ignore_vulnerability_alerts_during_read": null,
            "is_template": false,
            "license_template": null,
            "merge_commit_message": "PR_TITLE",
            "merge_commit_title": "MERGE_MESSAGE",
            "name": "first-repo-from-terraform",
            "node_id": "R_kgDOKi4VEg",
            "pages": [],
            "primary_language": "",
            "private": false,
            "repo_id": 707663122,
            "security_and_analysis": [
              {
                "advanced_security": [],
                "secret_scanning": [
                  {
                    "status": "disabled"
                  }
                ],
                "secret_scanning_push_protection": [
                  {
                    "status": "disabled"
                  }
                ]
              }
            ],
            "squash_merge_commit_message": "COMMIT_MESSAGES",
            "squash_merge_commit_title": "COMMIT_OR_PR_TITLE",
            "ssh_clone_url": "git@github.com:SinghBhuvneshwar/first-repo-from-terraform.git",
            "svn_url": "https://github.com/SinghBhuvneshwar/first-repo-from-terraform",
            "template": [],
            "topics": [],
            "visibility": "public",
            "vulnerability_alerts": false
          },
          "sensitive_attributes": [],
          "private": "eyJzY2hlbWFfdmVyc2lvbiI6IjEifQ=="
        }
      ]
    },
    {
      "mode": "managed",
      "type": "github_repository",
      "name": "terraform-second-repo",
      "provider": "provider[\"registry.terraform.io/hashicorp/github\"]",
      "instances": [
        {
          "schema_version": 1,
          "attributes": {
            "allow_auto_merge": false,
            "allow_merge_commit": true,
            "allow_rebase_merge": true,
            "allow_squash_merge": true,
            "allow_update_branch": false,
            "archive_on_destroy": null,
            "archived": false,
            "auto_init": true,
            "default_branch": "main",
            "delete_branch_on_merge": false,
            "description": "My second repo created with tf",
            "etag": "W/\"eef8e67da53206950d68077a8d9ed40dc5464850d5ccae543878857def115521\"",
            "full_name": "SinghBhuvneshwar/second-repo-from-terraform",
            "git_clone_url": "git://github.com/SinghBhuvneshwar/second-repo-from-terraform.git",
            "gitignore_template": null,
            "has_discussions": false,
            "has_downloads": false,
            "has_issues": false,
            "has_projects": false,
            "has_wiki": false,
            "homepage_url": "",
            "html_url": "https://github.com/SinghBhuvneshwar/second-repo-from-terraform",
            "http_clone_url": "https://github.com/SinghBhuvneshwar/second-repo-from-terraform.git",
            "id": "second-repo-from-terraform",
            "ignore_vulnerability_alerts_during_read": null,
            "is_template": false,
            "license_template": null,
            "merge_commit_message": "PR_TITLE",
            "merge_commit_title": "MERGE_MESSAGE",
            "name": "second-repo-from-terraform",
            "node_id": "R_kgDOKi4VKg",
            "pages": [],
            "primary_language": "",
            "private": false,
            "repo_id": 707663146,
            "security_and_analysis": [
              {
                "advanced_security": [],
                "secret_scanning": [
                  {
                    "status": "disabled"
                  }
                ],
                "secret_scanning_push_protection": [
                  {
                    "status": "disabled"
                  }
                ]
              }
            ],
            "squash_merge_commit_message": "COMMIT_MESSAGES",
            "squash_merge_commit_title": "COMMIT_OR_PR_TITLE",
            "ssh_clone_url": "git@github.com:SinghBhuvneshwar/second-repo-from-terraform.git",
            "svn_url": "https://github.com/SinghBhuvneshwar/second-repo-from-terraform",
            "template": [],
            "topics": [],
            "visibility": "public",
            "vulnerability_alerts": false
          },
          "sensitive_attributes": [],
          "private": "eyJzY2hlbWFfdmVyc2lvbiI6IjEifQ=="
        }
      ]
    }
  ],
  "check_results": null
}
